
Microsoft Visual Studio Solution File, Format Version 12.00
# Visual Studio 15
VisualStudioVersion = 15.0.28307.421
MinimumVisualStudioVersion = 10.0.40219.1
Project("{FAE04EC0-301F-11D3-BF4B-00C04F79EFBC}") = "OOP2", "OOP2\OOP2.csproj", "{FE21C957-4178-4BD9-8C67-E6F3689025FC}"
EndProject
Global
	GlobalSection(SolutionConfigurationPlatforms) = preSolution
		Debug|Any CPU = Debug|Any CPU
		Release|Any CPU = Release|Any CPU
	EndGlobalSection
	GlobalSection(ProjectConfigurationPlatforms) = postSolution
		{FE21C957-4178-4BD9-8C67-E6F3689025FC}.Debug|Any CPU.ActiveCfg = Debug|Any CPU
		{FE21C957-4178-4BD9-8C67-E6F3689025FC}.Debug|Any CPU.Build.0 = Debug|Any CPU
		{FE21C957-4178-4BD9-8C67-E6F3689025FC}.Release|Any CPU.ActiveCfg = Release|Any CPU
		{FE21C957-4178-4BD9-8C67-E6F3689025FC}.Release|Any CPU.Build.0 = Release|Any CPU
	EndGlobalSection
	GlobalSection(SolutionProperties) = preSolution
		HideSolutionNode = FALSE
	EndGlobalSection
	GlobalSection(ExtensibilityGlobals) = postSolution
		SolutionGuid = {377D949E-8094-4F7C-9838-0D39E3BF6558}
	EndGlobalSection
EndGlobal
